# THIS IS AN AUTOGENERATED FILE. DO NOT EDIT THIS FILE DIRECTLY.
# yarn lockfile v1


pocketbase@^0.21.2:
  version "0.21.2"
  resolved "https://registry.yarnpkg.com/pocketbase/-/pocketbase-0.21.2.tgz#0eee13983048610150c2c78ff2fa53545695afe9"
  integrity sha512-XZdgU9dEv3TPjexDRHy5feYrZrJhWqxTki8ClFGpsnC51G3Qkwoa/U7CVG72jYcLDP3p0HiEhRUUevnlryWkHA==
